
Microsoft Visual Studio Solution File, Format Version 11.00
# Visual Studio 2010
Project("{FAE04EC0-301F-11D3-BF4B-00C04F79EFBC}") = "Assembly-CSharp", "Assembly-CSharp.csproj", "{ea1c9b22-dfae-edc2-683e-03bff5c77512}"
EndProject
Project("{FAE04EC0-301F-11D3-BF4B-00C04F79EFBC}") = "GoogleMobileAds.Editor", "GoogleMobileAds.Editor.csproj", "{7b2b91db-3a55-1d33-3261-0558efd947a7}"
EndProject
Project("{FAE04EC0-301F-11D3-BF4B-00C04F79EFBC}") = "Assembly-CSharp-Editor", "Assembly-CSharp-Editor.csproj", "{c9f3d91f-7fe3-96b8-438b-dea122202e70}"
EndProject
Global
	GlobalSection(SolutionConfigurationPlatforms) = preSolution
		Debug|Any CPU = Debug|Any CPU
	EndGlobalSection
	GlobalSection(ProjectConfigurationPlatforms) = postSolution
		{ea1c9b22-dfae-edc2-683e-03bff5c77512}.Debug|Any CPU.ActiveCfg = Debug|Any CPU
		{ea1c9b22-dfae-edc2-683e-03bff5c77512}.Debug|Any CPU.Build.0 = Debug|Any CPU
		{7b2b91db-3a55-1d33-3261-0558efd947a7}.Debug|Any CPU.ActiveCfg = Debug|Any CPU
		{7b2b91db-3a55-1d33-3261-0558efd947a7}.Debug|Any CPU.Build.0 = Debug|Any CPU
		{c9f3d91f-7fe3-96b8-438b-dea122202e70}.Debug|Any CPU.ActiveCfg = Debug|Any CPU
		{c9f3d91f-7fe3-96b8-438b-dea122202e70}.Debug|Any CPU.Build.0 = Debug|Any CPU
	EndGlobalSection
	GlobalSection(SolutionProperties) = preSolution
		HideSolutionNode = FALSE
	EndGlobalSection
EndGlobal
